
Microsoft Visual Studio Solution File, Format Version 12.00
# Visual Studio Version 16
VisualStudioVersion = 16.0.31129.286
MinimumVisualStudioVersion = 10.0.40219.1
Project("{2150E333-8FDC-42A3-9474-1A3956D46DE8}") = "Solution Items", "Solution Items", "{57173DD9-1CB9-42F6-AD12-8A17A2812170}"
	ProjectSection(SolutionItems) = preProject
		PRTG.xslt = PRTG.xslt
		PRTGDuplicateCheckStage1.xslt = PRTGDuplicateCheckStage1.xslt
		PRTGToCSV.xslt = PRTGToCSV.xslt
		README.md = README.md
	EndProjectSection
EndProject
Global
	GlobalSection(SolutionProperties) = preSolution
		HideSolutionNode = FALSE
	EndGlobalSection
	GlobalSection(ExtensibilityGlobals) = postSolution
		SolutionGuid = {A752C3EA-A2DD-467E-B871-EB63B7D173BC}
	EndGlobalSection
EndGlobal
